
Microsoft Visual Studio Solution File, Format Version 12.00
# Visual Studio Version 16
VisualStudioVersion = 16.0.32228.343
MinimumVisualStudioVersion = 10.0.40219.1
Project("{FAE04EC0-301F-11D3-BF4B-00C04F79EFBC}") = "WebApplicationAsgn1", "WebApplicationAsgn1\WebApplicationAsgn1.csproj", "{014C6D77-5B17-4BC3-B0AF-BF3D49AB47A2}"
EndProject
Global
	GlobalSection(SolutionConfigurationPlatforms) = preSolution
		Debug|Any CPU = Debug|Any CPU
		Release|Any CPU = Release|Any CPU
	EndGlobalSection
	GlobalSection(ProjectConfigurationPlatforms) = postSolution
		{014C6D77-5B17-4BC3-B0AF-BF3D49AB47A2}.Debug|Any CPU.ActiveCfg = Debug|Any CPU
		{014C6D77-5B17-4BC3-B0AF-BF3D49AB47A2}.Debug|Any CPU.Build.0 = Debug|Any CPU
		{014C6D77-5B17-4BC3-B0AF-BF3D49AB47A2}.Release|Any CPU.ActiveCfg = Release|Any CPU
		{014C6D77-5B17-4BC3-B0AF-BF3D49AB47A2}.Release|Any CPU.Build.0 = Release|Any CPU
	EndGlobalSection
	GlobalSection(SolutionProperties) = preSolution
		HideSolutionNode = FALSE
	EndGlobalSection
	GlobalSection(ExtensibilityGlobals) = postSolution
		SolutionGuid = {A1683A16-CCA4-4DCD-8745-F5C0F7F7AD2B}
	EndGlobalSection
EndGlobal
